// !$*UTF8*$!
{
	archiveVersion = 1;
	classes = {
	};
	objectVersion = 50;
	objects = {

/* Begin PBXBuildFile section */
		01725A3625CE1C74008959F4 /* JCWordsApp.swift in Sources */ = {isa = PBXBuildFile; fileRef = 01725A2325CE1C73008959F4 /* JCWordsApp.swift */; };
		01725A3725CE1C74008959F4 /* JCWordsApp.swift in Sources */ = {isa = PBXBuildFile; fileRef = 01725A2325CE1C73008959F4 /* JCWordsApp.swift */; };
		01725A3825CE1C74008959F4 /* ContentView.swift in Sources */ = {isa = PBXBuildFile; fileRef = 01725A2425CE1C73008959F4 /* ContentView.swift */; };
		01725A3925CE1C74008959F4 /* ContentView.swift in Sources */ = {isa = PBXBuildFile; fileRef = 01725A2425CE1C73008959F4 /* ContentView.swift */; };
		01725A3A25CE1C74008959F4 /* Assets.xcassets in Resources */ = {isa = PBXBuildFile; fileRef = 01725A2525CE1C74008959F4 /* Assets.xcassets */; };
		01725A3B25CE1C74008959F4 /* Assets.xcassets in Resources */ = {isa = PBXBuildFile; fileRef = 01725A2525CE1C74008959F4 /* Assets.xcassets */; };
		01725A4525CE1CA3008959F4 /* Letter.swift in Sources */ = {isa = PBXBuildFile; fileRef = 01725A4425CE1CA3008959F4 /* Letter.swift */; };
		01725A4625CE1CA3008959F4 /* Letter.swift in Sources */ = {isa = PBXBuildFile; fileRef = 01725A4425CE1CA3008959F4 /* Letter.swift */; };
		017EBE4525DE00E40050C108 /* LetterRow.swift in Sources */ = {isa = PBXBuildFile; fileRef = 017EBE4425DE00E40050C108 /* LetterRow.swift */; };
		017EBE4625DE00E40050C108 /* LetterRow.swift in Sources */ = {isa = PBXBuildFile; fileRef = 017EBE4425DE00E40050C108 /* LetterRow.swift */; };
		0185C17725E0A40500928EE3 /* LetterStyle.swift in Sources */ = {isa = PBXBuildFile; fileRef = 0185C17625E0A40500928EE3 /* LetterStyle.swift */; };
		0185C17825E0A40500928EE3 /* LetterStyle.swift in Sources */ = {isa = PBXBuildFile; fileRef = 0185C17625E0A40500928EE3 /* LetterStyle.swift */; };
		01982A6725E1A4F2009EF6BB /* SomePreviews.swift in Sources */ = {isa = PBXBuildFile; fileRef = 01982A6625E1A4F2009EF6BB /* SomePreviews.swift */; };
		01982A6825E1A4F2009EF6BB /* SomePreviews.swift in Sources */ = {isa = PBXBuildFile; fileRef = 01982A6625E1A4F2009EF6BB /* SomePreviews.swift */; };
/* End PBXBuildFile section */

/* Begin PBXFileReference section */
		01725A2325CE1C73008959F4 /* JCWordsApp.swift */ = {isa = PBXFileReference; lastKnownFileType = sourcecode.swift; path = JCWordsApp.swift; sourceTree = "<group>"; };
		01725A2425CE1C73008959F4 /* ContentView.swift */ = {isa = PBXFileReference; lastKnownFileType = sourcecode.swift; path = ContentView.swift; sourceTree = "<group>"; };
		01725A2525CE1C74008959F4 /* Assets.xcassets */ = {isa = PBXFileReference; lastKnownFileType = folder.assetcatalog; path = Assets.xcassets; sourceTree = "<group>"; };
		01725A2A25CE1C74008959F4 /* JCWords.app */ = {isa = PBXFileReference; explicitFileType = wrapper.application; includeInIndex = 0; path = JCWords.app; sourceTree = BUILT_PRODUCTS_DIR; };
		01725A2D25CE1C74008959F4 /* Info.plist */ = {isa = PBXFileReference; lastKnownFileType = text.plist.xml; path = Info.plist; sourceTree = "<group>"; };
		01725A3225CE1C74008959F4 /* JCWords.app */ = {isa = PBXFileReference; explicitFileType = wrapper.application; includeInIndex = 0; path = JCWords.app; sourceTree = BUILT_PRODUCTS_DIR; };
		01725A3425CE1C74008959F4 /* Info.plist */ = {isa = PBXFileReference; lastKnownFileType = text.plist.xml; path = Info.plist; sourceTree = "<group>"; };
		01725A3525CE1C74008959F4 /* macOS.entitlements */ = {isa = PBXFileReference; lastKnownFileType = text.plist.entitlements; path = macOS.entitlements; sourceTree = "<group>"; };
		01725A4425CE1CA3008959F4 /* Letter.swift */ = {isa = PBXFileReference; lastKnownFileType = sourcecode.swift; path = Letter.swift; sourceTree = "<group>"; };
		017EBE4425DE00E40050C108 /* LetterRow.swift */ = {isa = PBXFileReference; lastKnownFileType = sourcecode.swift; path = LetterRow.swift; sourceTree = "<group>"; };
		0185C17625E0A40500928EE3 /* LetterStyle.swift */ = {isa = PBXFileReference; lastKnownFileType = sourcecode.swift; path = LetterStyle.swift; sourceTree = "<group>"; };
		01982A6625E1A4F2009EF6BB /* SomePreviews.swift */ = {isa = PBXFileReference; lastKnownFileType = sourcecode.swift; path = SomePreviews.swift; sourceTree = "<group>"; };
/* End PBXFileReference section */

/* Begin PBXFrameworksBuildPhase section */
		01725A2725CE1C74008959F4 /* Frameworks */ = {
			isa = PBXFrameworksBuildPhase;
			buildActionMask = 2147483647;
			files = (
			);
			runOnlyForDeploymentPostprocessing = 0;
		};
		01725A2F25CE1C74008959F4 /* Frameworks */ = {
			isa = PBXFrameworksBuildPhase;
			buildActionMask = 2147483647;
			files = (
			);
			runOnlyForDeploymentPostprocessing = 0;
		};
/* End PBXFrameworksBuildPhase section */

/* Begin PBXGroup section */
		01725A1D25CE1C73008959F4 = {
			isa = PBXGroup;
			children = (
				01725A2225CE1C73008959F4 /* Shared */,
				01725A2C25CE1C74008959F4 /* iOS */,
				01725A3325CE1C74008959F4 /* macOS */,
				01725A2B25CE1C74008959F4 /* Products */,
			);
			sourceTree = "<group>";
		};
		01725A2225CE1C73008959F4 /* Shared */ = {
			isa = PBXGroup;
			children = (
				01725A2325CE1C73008959F4 /* JCWordsApp.swift */,
				01725A2425CE1C73008959F4 /* ContentView.swift */,
				01725A4425CE1CA3008959F4 /* Letter.swift */,
				0185C17625E0A40500928EE3 /* LetterStyle.swift */,
				017EBE4425DE00E40050C108 /* LetterRow.swift */,
				01982A6625E1A4F2009EF6BB /* SomePreviews.swift */,
				01725A2525CE1C74008959F4 /* Assets.xcassets */,
			);
			path = Shared;
			sourceTree = "<group>";
		};
		01725A2B25CE1C74008959F4 /* Products */ = {
			isa = PBXGroup;
			children = (
				01725A2A25CE1C74008959F4 /* JCWords.app */,
				01725A3225CE1C74008959F4 /* JCWords.app */,
			);
			name = Products;
			sourceTree = "<group>";
		};
		01725A2C25CE1C74008959F4 /* iOS */ = {
			isa = PBXGroup;
			children = (
				01725A2D25CE1C74008959F4 /* Info.plist */,
			);
			path = iOS;
			sourceTree = "<group>";
		};
		01725A3325CE1C74008959F4 /* macOS */ = {
			isa = PBXGroup;
			children = (
				01725A3425CE1C74008959F4 /* Info.plist */,
				01725A3525CE1C74008959F4 /* macOS.entitlements */,
			);
			path = macOS;
			sourceTree = "<group>";
		};
/* End PBXGroup section */

/* Begin PBXNativeTarget section */
		01725A2925CE1C74008959F4 /* JCWords (iOS) */ = {
			isa = PBXNativeTarget;
			buildConfigurationList = 01725A3E25CE1C74008959F4 /* Build configuration list for PBXNativeTarget "JCWords (iOS)" */;
			buildPhases = (
				01725A2625CE1C74008959F4 /* Sources */,
				01725A2725CE1C74008959F4 /* Frameworks */,
				01725A2825CE1C74008959F4 /* Resources */,
			);
			buildRules = (
			);
			dependencies = (
			);
			name = "JCWords (iOS)";
			productName = "JCWords (iOS)";
			productReference = 01725A2A25CE1C74008959F4 /* JCWords.app */;
			productType = "com.apple.product-type.application";
		};
		01725A3125CE1C74008959F4 /* JCWords (macOS) */ = {
			isa = PBXNativeTarget;
			buildConfigurationList = 01725A4125CE1C74008959F4 /* Build configuration list for PBXNativeTarget "JCWords (macOS)" */;
			buildPhases = (
				01725A2E25CE1C74008959F4 /* Sources */,
				01725A2F25CE1C74008959F4 /* Frameworks */,
				01725A3025CE1C74008959F4 /* Resources */,
			);
			buildRules = (
			);
			dependencies = (
			);
			name = "JCWords (macOS)";
			productName = "JCWords (macOS)";
			productReference = 01725A3225CE1C74008959F4 /* JCWords.app */;
			productType = "com.apple.product-type.application";
		};
/* End PBXNativeTarget section */

/* Begin PBXProject section */
		01725A1E25CE1C73008959F4 /* Project object */ = {
			isa = PBXProject;
			attributes = {
				LastSwiftUpdateCheck = 1250;
				LastUpgradeCheck = 1250;
				TargetAttributes = {
					01725A2925CE1C74008959F4 = {
						CreatedOnToolsVersion = 12.5;
					};
					01725A3125CE1C74008959F4 = {
						CreatedOnToolsVersion = 12.5;
					};
				};
			};
			buildConfigurationList = 01725A2125CE1C73008959F4 /* Build configuration list for PBXProject "JCWords" */;
			compatibilityVersion = "Xcode 9.3";
			developmentRegion = en;
			hasScannedForEncodings = 0;
			knownRegions = (
				en,
				Base,
			);
			mainGroup = 01725A1D25CE1C73008959F4;
			productRefGroup = 01725A2B25CE1C74008959F4 /* Products */;
			projectDirPath = "";
			projectRoot = "";
			targets = (
				01725A2925CE1C74008959F4 /* JCWords (iOS) */,
				01725A3125CE1C74008959F4 /* JCWords (macOS) */,
			);
		};
/* End PBXProject section */

/* Begin PBXResourcesBuildPhase section */
		01725A2825CE1C74008959F4 /* Resources */ = {
			isa = PBXResourcesBuildPhase;
			buildActionMask = 2147483647;
			files = (
				01725A3A25CE1C74008959F4 /* Assets.xcassets in Resources */,
			);
			runOnlyForDeploymentPostprocessing = 0;
		};
		01725A3025CE1C74008959F4 /* Resources */ = {
			isa = PBXResourcesBuildPhase;
			buildActionMask = 2147483647;
			files = (
				01725A3B25CE1C74008959F4 /* Assets.xcassets in Resources */,
			);
			runOnlyForDeploymentPostprocessing = 0;
		};
/* End PBXResourcesBuildPhase section */

/* Begin PBXSourcesBuildPhase section */
		01725A2625CE1C74008959F4 /* Sources */ = {
			isa = PBXSourcesBuildPhase;
			buildActionMask = 2147483647;
			files = (
				01982A6725E1A4F2009EF6BB /* SomePreviews.swift in Sources */,
				01725A4525CE1CA3008959F4 /* Letter.swift in Sources */,
				01725A3825CE1C74008959F4 /* ContentView.swift in Sources */,
				017EBE4525DE00E40050C108 /* LetterRow.swift in Sources */,
				0185C17725E0A40500928EE3 /* LetterStyle.swift in Sources */,
				01725A3625CE1C74008959F4 /* JCWordsApp.swift in Sources */,
			);
			runOnlyForDeploymentPostprocessing = 0;
		};
		01725A2E25CE1C74008959F4 /* Sources */ = {
			isa = PBXSourcesBuildPhase;
			buildActionMask = 2147483647;
			files = (
				01982A6825E1A4F2009EF6BB /* SomePreviews.swift in Sources */,
				01725A4625CE1CA3008959F4 /* Letter.swift in Sources */,
				01725A3925CE1C74008959F4 /* ContentView.swift in Sources */,
				017EBE4625DE00E40050C108 /* LetterRow.swift in Sources */,
				0185C17825E0A40500928EE3 /* LetterStyle.swift in Sources */,
				01725A3725CE1C74008959F4 /* JCWordsApp.swift in Sources */,
			);
			runOnlyForDeploymentPostprocessing = 0;
		};
/* End PBXSourcesBuildPhase section */

/* Begin XCBuildConfiguration section */
		01725A3C25CE1C74008959F4 /* Debug */ = {
			isa = XCBuildConfiguration;
			buildSettings = {
				ALWAYS_SEARCH_USER_PATHS = NO;
				CLANG_ANALYZER_NONNULL = YES;
				CLANG_ANALYZER_NUMBER_OBJECT_CONVERSION = YES_AGGRESSIVE;
				CLANG_CXX_LANGUAGE_STANDARD = "gnu++14";
				CLANG_CXX_LIBRARY = "libc++";
				CLANG_ENABLE_MODULES = YES;
				CLANG_ENABLE_OBJC_ARC = YES;
				CLANG_ENABLE_OBJC_WEAK = YES;
				CLANG_WARN_BLOCK_CAPTURE_AUTORELEASING = YES;
				CLANG_WARN_BOOL_CONVERSION = YES;
				CLANG_WARN_COMMA = YES;
				CLANG_WARN_CONSTANT_CONVERSION = YES;
				CLANG_WARN_DEPRECATED_OBJC_IMPLEMENTATIONS = YES;
				CLANG_WARN_DIRECT_OBJC_ISA_USAGE = YES_ERROR;
				CLANG_WARN_DOCUMENTATION_COMMENTS = YES;
				CLANG_WARN_EMPTY_BODY = YES;
				CLANG_WARN_ENUM_CONVERSION = YES;
				CLANG_WARN_INFINITE_RECURSION = YES;
				CLANG_WARN_INT_CONVERSION = YES;
				CLANG_WARN_NON_LITERAL_NULL_CONVERSION = YES;
				CLANG_WARN_OBJC_IMPLICIT_RETAIN_SELF = YES;
				CLANG_WARN_OBJC_LITERAL_CONVERSION = YES;
				CLANG_WARN_OBJC_ROOT_CLASS = YES_ERROR;
				CLANG_WARN_QUOTED_INCLUDE_IN_FRAMEWORK_HEADER = YES;
				CLANG_WARN_RANGE_LOOP_ANALYSIS = YES;
				CLANG_WARN_STRICT_PROTOTYPES = YES;
				CLANG_WARN_SUSPICIOUS_MOVE = YES;
				CLANG_WARN_UNGUARDED_AVAILABILITY = YES_AGGRESSIVE;
				CLANG_WARN_UNREACHABLE_CODE = YES;
				CLANG_WARN__DUPLICATE_METHOD_MATCH = YES;
				COPY_PHASE_STRIP = NO;
				DEBUG_INFORMATION_FORMAT = dwarf;
				ENABLE_STRICT_OBJC_MSGSEND = YES;
				ENABLE_TESTABILITY = YES;
				GCC_C_LANGUAGE_STANDARD = gnu11;
				GCC_DYNAMIC_NO_PIC = NO;
				GCC_NO_COMMON_BLOCKS = YES;
				GCC_OPTIMIZATION_LEVEL = 0;
				GCC_PREPROCESSOR_DEFINITIONS = (
					"DEBUG=1",
					"$(inherited)",
				);
				GCC_WARN_64_TO_32_BIT_CONVERSION = YES;
				GCC_WARN_ABOUT_RETURN_TYPE = YES_ERROR;
				GCC_WARN_UNDECLARED_SELECTOR = YES;
				GCC_WARN_UNINITIALIZED_AUTOS = YES_AGGRESSIVE;
				GCC_WARN_UNUSED_FUNCTION = YES;
				GCC_WARN_UNUSED_VARIABLE = YES;
				MTL_ENABLE_DEBUG_INFO = INCLUDE_SOURCE;
				MTL_FAST_MATH = YES;
				ONLY_ACTIVE_ARCH = YES;
				SWIFT_ACTIVE_COMPILATION_CONDITIONS = DEBUG;
				SWIFT_OPTIMIZATION_LEVEL = "-Onone";
			};
			name = Debug;
		};
		01725A3D25CE1C74008959F4 /* Release */ = {
			isa = XCBuildConfiguration;
			buildSettings = {
				ALWAYS_SEARCH_USER_PATHS = NO;
				CLANG_ANALYZER_NONNULL = YES;
				CLANG_ANALYZER_NUMBER_OBJECT_CONVERSION = YES_AGGRESSIVE;
				CLANG_CXX_LANGUAGE_STANDARD = "gnu++14";
				CLANG_CXX_LIBRARY = "libc++";
				CLANG_ENABLE_MODULES = YES;
				CLANG_ENABLE_OBJC_ARC = YES;
				CLANG_ENABLE_OBJC_WEAK = YES;
				CLANG_WARN_BLOCK_CAPTURE_AUTORELEASING = YES;
				CLANG_WARN_BOOL_CONVERSION = YES;
				CLANG_WARN_COMMA = YES;
				CLANG_WARN_CONSTANT_CONVERSION = YES;
				CLANG_WARN_DEPRECATED_OBJC_IMPLEMENTATIONS = YES;
				CLANG_WARN_DIRECT_OBJC_ISA_USAGE = YES_ERROR;
				CLANG_WARN_DOCUMENTATION_COMMENTS = YES;
				CLANG_WARN_EMPTY_BODY = YES;
				CLANG_WARN_ENUM_CONVERSION = YES;
				CLANG_WARN_INFINITE_RECURSION = YES;
				CLANG_WARN_INT_CONVERSION = YES;
				CLANG_WARN_NON_LITERAL_NULL_CONVERSION = YES;
				CLANG_WARN_OBJC_IMPLICIT_RETAIN_SELF = YES;
				CLANG_WARN_OBJC_LITERAL_CONVERSION = YES;
				CLANG_WARN_OBJC_ROOT_CLASS = YES_ERROR;
				CLANG_WARN_QUOTED_INCLUDE_IN_FRAMEWORK_HEADER = YES;
				CLANG_WARN_RANGE_LOOP_ANALYSIS = YES;
				CLANG_WARN_STRICT_PROTOTYPES = YES;
				CLANG_WARN_SUSPICIOUS_MOVE = YES;
				CLANG_WARN_UNGUARDED_AVAILABILITY = YES_AGGRESSIVE;
				CLANG_WARN_UNREACHABLE_CODE = YES;
				CLANG_WARN__DUPLICATE_METHOD_MATCH = YES;
				COPY_PHASE_STRIP = NO;
				DEBUG_INFORMATION_FORMAT = "dwarf-with-dsym";
				ENABLE_NS_ASSERTIONS = NO;
				ENABLE_STRICT_OBJC_MSGSEND = YES;
				GCC_C_LANGUAGE_STANDARD = gnu11;
				GCC_NO_COMMON_BLOCKS = YES;
				GCC_WARN_64_TO_32_BIT_CONVERSION = YES;
				GCC_WARN_ABOUT_RETURN_TYPE = YES_ERROR;
				GCC_WARN_UNDECLARED_SELECTOR = YES;
				GCC_WARN_UNINITIALIZED_AUTOS = YES_AGGRESSIVE;
				GCC_WARN_UNUSED_FUNCTION = YES;
				GCC_WARN_UNUSED_VARIABLE = YES;
				MTL_ENABLE_DEBUG_INFO = NO;
				MTL_FAST_MATH = YES;
				SWIFT_COMPILATION_MODE = wholemodule;
				SWIFT_OPTIMIZATION_LEVEL = "-O";
			};
			name = Release;
		};
		01725A3F25CE1C74008959F4 /* Debug */ = {
			isa = XCBuildConfiguration;
			buildSettings = {
				ASSETCATALOG_COMPILER_APPICON_NAME = AppIcon;
				ASSETCATALOG_COMPILER_GLOBAL_ACCENT_COLOR_NAME = AccentColor;
				CODE_SIGN_STYLE = Automatic;
				DEVELOPMENT_TEAM = B4B222G88M;
				ENABLE_PREVIEWS = YES;
				INFOPLIST_FILE = iOS/Info.plist;
				IPHONEOS_DEPLOYMENT_TARGET = 14.0;
				LD_RUNPATH_SEARCH_PATHS = (
					"$(inherited)",
					"@executable_path/Frameworks",
				);
				PRODUCT_BUNDLE_IDENTIFIER = ca.tnir.JCWords;
				PRODUCT_NAME = JCWords;
				SDKROOT = iphoneos;
				SWIFT_VERSION = 5.0;
				TARGETED_DEVICE_FAMILY = "1,2";
			};
			name = Debug;
		};
		01725A4025CE1C74008959F4 /* Release */ = {
			isa = XCBuildConfiguration;
			buildSettings = {
				ASSETCATALOG_COMPILER_APPICON_NAME = AppIcon;
				ASSETCATALOG_COMPILER_GLOBAL_ACCENT_COLOR_NAME = AccentColor;
				CODE_SIGN_STYLE = Automatic;
				DEVELOPMENT_TEAM = B4B222G88M;
				ENABLE_PREVIEWS = YES;
				INFOPLIST_FILE = iOS/Info.plist;
				IPHONEOS_DEPLOYMENT_TARGET = 14.0;
				LD_RUNPATH_SEARCH_PATHS = (
					"$(inherited)",
					"@executable_path/Frameworks",
				);
				PRODUCT_BUNDLE_IDENTIFIER = ca.tnir.JCWords;
				PRODUCT_NAME = JCWords;
				SDKROOT = iphoneos;
				SWIFT_VERSION = 5.0;
				TARGETED_DEVICE_FAMILY = "1,2";
				VALIDATE_PRODUCT = YES;
			};
			name = Release;
		};
		01725A4225CE1C74008959F4 /* Debug */ = {
			isa = XCBuildConfiguration;
			buildSettings = {
				ASSETCATALOG_COMPILER_APPICON_NAME = AppIcon;
				ASSETCATALOG_COMPILER_GLOBAL_ACCENT_COLOR_NAME = AccentColor;
				CODE_SIGN_ENTITLEMENTS = macOS/macOS.entitlements;
				CODE_SIGN_STYLE = Automatic;
				COMBINE_HIDPI_IMAGES = YES;
				DEVELOPMENT_TEAM = B4B222G88M;
				ENABLE_HARDENED_RUNTIME = YES;
				ENABLE_PREVIEWS = YES;
				INFOPLIST_FILE = macOS/Info.plist;
				LD_RUNPATH_SEARCH_PATHS = (
					"$(inherited)",
					"@executable_path/../Frameworks",
				);
				MACOSX_DEPLOYMENT_TARGET = 11.0;
				PRODUCT_BUNDLE_IDENTIFIER = ca.tnir.JCWords;
				PRODUCT_NAME = JCWords;
				SDKROOT = macosx;
				SWIFT_VERSION = 5.0;
			};
			name = Debug;
		};
		01725A4325CE1C74008959F4 /* Release */ = {
			isa = XCBuildConfiguration;
			buildSettings = {
				ASSETCATALOG_COMPILER_APPICON_NAME = AppIcon;
				ASSETCATALOG_COMPILER_GLOBAL_ACCENT_COLOR_NAME = AccentColor;
				CODE_SIGN_ENTITLEMENTS = macOS/macOS.entitlements;
				CODE_SIGN_STYLE = Automatic;
				COMBINE_HIDPI_IMAGES = YES;
				DEVELOPMENT_TEAM = B4B222G88M;
				ENABLE_HARDENED_RUNTIME = YES;
				ENABLE_PREVIEWS = YES;
				INFOPLIST_FILE = macOS/Info.plist;
				LD_RUNPATH_SEARCH_PATHS = (
					"$(inherited)",
					"@executable_path/../Frameworks",
				);
				MACOSX_DEPLOYMENT_TARGET = 11.0;
				PRODUCT_BUNDLE_IDENTIFIER = ca.tnir.JCWords;
				PRODUCT_NAME = JCWords;
				SDKROOT = macosx;
				SWIFT_VERSION = 5.0;
			};
			name = Release;
		};
/* End XCBuildConfiguration section */

/* Begin XCConfigurationList section */
		01725A2125CE1C73008959F4 /* Build configuration list for PBXProject "JCWords" */ = {
			isa = XCConfigurationList;
			buildConfigurations = (
				01725A3C25CE1C74008959F4 /* Debug */,
				01725A3D25CE1C74008959F4 /* Release */,
			);
			defaultConfigurationIsVisible = 0;
			defaultConfigurationName = Release;
		};
		01725A3E25CE1C74008959F4 /* Build configuration list for PBXNativeTarget "JCWords (iOS)" */ = {
			isa = XCConfigurationList;
			buildConfigurations = (
				01725A3F25CE1C74008959F4 /* Debug */,
				01725A4025CE1C74008959F4 /* Release */,
			);
			defaultConfigurationIsVisible = 0;
			defaultConfigurationName = Release;
		};
		01725A4125CE1C74008959F4 /* Build configuration list for PBXNativeTarget "JCWords (macOS)" */ = {
			isa = XCConfigurationList;
			buildConfigurations = (
				01725A4225CE1C74008959F4 /* Debug */,
				01725A4325CE1C74008959F4 /* Release */,
			);
			defaultConfigurationIsVisible = 0;
			defaultConfigurationName = Release;
		};
/* End XCConfigurationList section */
	};
	rootObject = 01725A1E25CE1C73008959F4 /* Project object */;
}
